
Microsoft Visual Studio Solution File, Format Version 12.00
# Visual Studio 14
VisualStudioVersion = 14.0.25420.1
MinimumVisualStudioVersion = 10.0.40219.1
Project("{FAE04EC0-301F-11D3-BF4B-00C04F79EFBC}") = "Vow-win-ski", "Vow-win-ski\Vow-win-ski.csproj", "{196792F3-F171-48F1-BE18-75915FD69F15}"
EndProject
Project("{FAE04EC0-301F-11D3-BF4B-00C04F79EFBC}") = "Vow-win-ski.Test", "Vow-win-ski.Test\Vow-win-ski.Test.csproj", "{F6FC4AD0-EA79-4D55-A0D3-9599EDA4FAE0}"
	ProjectSection(ProjectDependencies) = postProject
		{196792F3-F171-48F1-BE18-75915FD69F15} = {196792F3-F171-48F1-BE18-75915FD69F15}
	EndProjectSection
EndProject
Global
	GlobalSection(SolutionConfigurationPlatforms) = preSolution
		Debug|Any CPU = Debug|Any CPU
		Release|Any CPU = Release|Any CPU
	EndGlobalSection
	GlobalSection(ProjectConfigurationPlatforms) = postSolution
		{196792F3-F171-48F1-BE18-75915FD69F15}.Debug|Any CPU.ActiveCfg = Debug|Any CPU
		{196792F3-F171-48F1-BE18-75915FD69F15}.Debug|Any CPU.Build.0 = Debug|Any CPU
		{196792F3-F171-48F1-BE18-75915FD69F15}.Release|Any CPU.ActiveCfg = Release|Any CPU
		{196792F3-F171-48F1-BE18-75915FD69F15}.Release|Any CPU.Build.0 = Release|Any CPU
		{F6FC4AD0-EA79-4D55-A0D3-9599EDA4FAE0}.Debug|Any CPU.ActiveCfg = Debug|Any CPU
		{F6FC4AD0-EA79-4D55-A0D3-9599EDA4FAE0}.Debug|Any CPU.Build.0 = Debug|Any CPU
		{F6FC4AD0-EA79-4D55-A0D3-9599EDA4FAE0}.Release|Any CPU.ActiveCfg = Release|Any CPU
		{F6FC4AD0-EA79-4D55-A0D3-9599EDA4FAE0}.Release|Any CPU.Build.0 = Release|Any CPU
	EndGlobalSection
	GlobalSection(SolutionProperties) = preSolution
		HideSolutionNode = FALSE
	EndGlobalSection
EndGlobal
